{
  "nodes": {
    "crane": {
      "locked": {
        "lastModified": 1750266157,
        "narHash": "sha256-tL42YoNg9y30u7zAqtoGDNdTyXTi8EALDeCB13FtbQA=",
        "owner": "ipetkov",
        "repo": "crane",
        "rev": "e37c943371b73ed87faf33f7583860f81f1d5a48",
        "type": "github"
      },
      "original": {
        "owner": "ipetkov",
        "repo": "crane",
        "type": "github"
      }
    },
    "flake-parts": {
      "inputs": {
        "nixpkgs-lib": "nixpkgs-lib"
      },
      "locked": {
        "lastModified": 1751413152,
        "narHash": "sha256-Tyw1RjYEsp5scoigs1384gIg6e0GoBVjms4aXFfRssQ=",
        "owner": "hercules-ci",
        "repo": "flake-parts",
        "rev": "77826244401ea9de6e3bac47c2db46005e1f30b5",
        "type": "github"
      },
      "original": {
        "owner": "hercules-ci",
        "repo": "flake-parts",
        "type": "github"
      }
    },
    "git-hooks": {
      "flake": false,
      "locked": {
        "lastModified": 1750779888,
        "narHash": "sha256-wibppH3g/E2lxU43ZQHC5yA/7kIKLGxVEnsnVK1BtRg=",
        "owner": "cachix",
        "repo": "git-hooks.nix",
        "rev": "16ec914f6fb6f599ce988427d9d94efddf25fe6d",
        "type": "github"
      },
      "original": {
        "owner": "cachix",
        "repo": "git-hooks.nix",
        "type": "github"
      }
    },
    "globset": {
      "inputs": {
        "nixpkgs-lib": [
          "rust-flake",
          "nixpkgs"
        ]
      },
      "locked": {
        "lastModified": 1744379919,
        "narHash": "sha256-ieaQegt7LdMDFweeHhRaUQFYyF0U3pWD/XiCvq5L5U8=",
        "owner": "pdtpartners",
        "repo": "globset",
        "rev": "4e21c96ab1259b8cd864272f96a8891b589c8eda",
        "type": "github"
      },
      "original": {
        "owner": "pdtpartners",
        "repo": "globset",
        "type": "github"
      }
    },
    "nixos-unified": {
      "locked": {
        "lastModified": 1751174231,
        "narHash": "sha256-OLPo3ZI/gKH0C6P6l2W9RYm1ow/Jl4qBrasQ3rjAA0E=",
        "owner": "srid",
        "repo": "nixos-unified",
        "rev": "05eb3d59d3b48460ea01c419702d4fc0c3210805",
        "type": "github"
      },
      "original": {
        "owner": "srid",
        "repo": "nixos-unified",
        "type": "github"
      }
    },
    "nixpkgs": {
      "locked": {
        "lastModified": 1751271578,
        "narHash": "sha256-P/SQmKDu06x8yv7i0s8bvnnuJYkxVGBWLWHaU+tt4YY=",
        "owner": "NixOS",
        "repo": "nixpkgs",
        "rev": "3016b4b15d13f3089db8a41ef937b13a9e33a8df",
        "type": "github"
      },
      "original": {
        "owner": "NixOS",
        "ref": "nixos-unstable",
        "repo": "nixpkgs",
        "type": "github"
      }
    },
    "nixpkgs-lib": {
      "locked": {
        "lastModified": 1751159883,
        "narHash": "sha256-urW/Ylk9FIfvXfliA1ywh75yszAbiTEVgpPeinFyVZo=",
        "owner": "nix-community",
        "repo": "nixpkgs.lib",
        "rev": "14a40a1d7fb9afa4739275ac642ed7301a9ba1ab",
        "type": "github"
      },
      "original": {
        "owner": "nix-community",
        "repo": "nixpkgs.lib",
        "type": "github"
      }
    },
    "nixpkgs_2": {
      "locked": {
        "lastModified": 1751271578,
        "narHash": "sha256-P/SQmKDu06x8yv7i0s8bvnnuJYkxVGBWLWHaU+tt4YY=",
        "owner": "nixos",
        "repo": "nixpkgs",
        "rev": "3016b4b15d13f3089db8a41ef937b13a9e33a8df",
        "type": "github"
      },
      "original": {
        "owner": "nixos",
        "ref": "nixos-unstable",
        "repo": "nixpkgs",
        "type": "github"
      }
    },
    "process-compose-flake": {
      "locked": {
        "lastModified": 1749418557,
        "narHash": "sha256-wJHHckWz4Gvj8HXtM5WVJzSKXAEPvskQANVoRiu2w1w=",
        "owner": "Platonic-Systems",
        "repo": "process-compose-flake",
        "rev": "91dcc48a6298e47e2441ec76df711f4e38eab94e",
        "type": "github"
      },
      "original": {
        "owner": "Platonic-Systems",
        "repo": "process-compose-flake",
        "type": "github"
      }
    },
    "root": {
      "inputs": {
        "flake-parts": "flake-parts",
        "git-hooks": "git-hooks",
        "nixos-unified": "nixos-unified",
        "nixpkgs": "nixpkgs",
        "process-compose-flake": "process-compose-flake",
        "rust-flake": "rust-flake",
        "services-flake": "services-flake"
      }
    },
    "rust-flake": {
      "inputs": {
        "crane": "crane",
        "globset": "globset",
        "nixpkgs": "nixpkgs_2",
        "rust-overlay": "rust-overlay"
      },
      "locked": {
        "lastModified": 1751562414,
        "narHash": "sha256-0ohW9/OWtkRHFteFdbhWJPGNHD00UWHjVA/qOTeuNfM=",
        "owner": "juspay",
        "repo": "rust-flake",
        "rev": "a1c9995285b1288b3249a6ee1ac19443535bbb94",
        "type": "github"
      },
      "original": {
        "owner": "juspay",
        "repo": "rust-flake",
        "type": "github"
      }
    },
    "rust-overlay": {
      "inputs": {
        "nixpkgs": [
          "rust-flake",
          "nixpkgs"
        ]
      },
      "locked": {
        "lastModified": 1751510438,
        "narHash": "sha256-m8PjOoyyCR4nhqtHEBP1tB/jF+gJYYguSZmUmVTEAQE=",
        "owner": "oxalica",
        "repo": "rust-overlay",
        "rev": "7f415261f298656f8164bd636c0dc05af4e95b6b",
        "type": "github"
      },
      "original": {
        "owner": "oxalica",
        "repo": "rust-overlay",
        "type": "github"
      }
    },
    "services-flake": {
      "locked": {
        "lastModified": 1751536468,
        "narHash": "sha256-lgzxvPlpx2uxkMznGBB0ID0byZBlMvcSadotcfnKIbM=",
        "owner": "juspay",
        "repo": "services-flake",
        "rev": "a4c8b34362dc86a2d417aff1d0b87fbfef17a3c7",
        "type": "github"
      },
      "original": {
        "owner": "juspay",
        "repo": "services-flake",
        "type": "github"
      }
    }
  },
  "root": "root",
  "version": 7
}
